
Microsoft Visual Studio Solution File, Format Version 12.00
# Visual Studio Version 17
VisualStudioVersion = 17.10.35122.118
MinimumVisualStudioVersion = 10.0.40219.1
Project("{FAE04EC0-301F-11D3-BF4B-00C04F79EFBC}") = "FotoLoop", "FotoLoop.csproj", "{036A02F7-37E1-4E87-B750-03664F447CDD}"
EndProject
Global
	GlobalSection(SolutionConfigurationPlatforms) = preSolution
		Debug|Any CPU = Debug|Any CPU
		Release|Any CPU = Release|Any CPU
	EndGlobalSection
	GlobalSection(ProjectConfigurationPlatforms) = postSolution
		{036A02F7-37E1-4E87-B750-03664F447CDD}.Debug|Any CPU.ActiveCfg = Debug|Any CPU
		{036A02F7-37E1-4E87-B750-03664F447CDD}.Debug|Any CPU.Build.0 = Debug|Any CPU
		{036A02F7-37E1-4E87-B750-03664F447CDD}.Release|Any CPU.ActiveCfg = Release|Any CPU
		{036A02F7-37E1-4E87-B750-03664F447CDD}.Release|Any CPU.Build.0 = Release|Any CPU
	EndGlobalSection
	GlobalSection(SolutionProperties) = preSolution
		HideSolutionNode = FALSE
	EndGlobalSection
	GlobalSection(ExtensibilityGlobals) = postSolution
		SolutionGuid = {A5122F03-B215-44B9-B0D0-C41651470A66}
	EndGlobalSection
EndGlobal
