
Microsoft Visual Studio Solution File, Format Version 12.00
# Visual Studio Version 17
VisualStudioVersion = 17.10.35122.118
MinimumVisualStudioVersion = 10.0.40219.1
Project("{FAE04EC0-301F-11D3-BF4B-00C04F79EFBC}") = "IfElseOddNumbers", "IfElseOddNumbers\IfElseOddNumbers.csproj", "{52513DA4-C3E3-4BB1-959B-ABAB608991FE}"
EndProject
Global
	GlobalSection(SolutionConfigurationPlatforms) = preSolution
		Debug|Any CPU = Debug|Any CPU
		Release|Any CPU = Release|Any CPU
	EndGlobalSection
	GlobalSection(ProjectConfigurationPlatforms) = postSolution
		{52513DA4-C3E3-4BB1-959B-ABAB608991FE}.Debug|Any CPU.ActiveCfg = Debug|Any CPU
		{52513DA4-C3E3-4BB1-959B-ABAB608991FE}.Debug|Any CPU.Build.0 = Debug|Any CPU
		{52513DA4-C3E3-4BB1-959B-ABAB608991FE}.Release|Any CPU.ActiveCfg = Release|Any CPU
		{52513DA4-C3E3-4BB1-959B-ABAB608991FE}.Release|Any CPU.Build.0 = Release|Any CPU
	EndGlobalSection
	GlobalSection(SolutionProperties) = preSolution
		HideSolutionNode = FALSE
	EndGlobalSection
	GlobalSection(ExtensibilityGlobals) = postSolution
		SolutionGuid = {2FC83275-62BC-44E6-A41E-C3CB142AB01E}
	EndGlobalSection
EndGlobal
